<?xml version="1.0" encoding="utf-8"?>
<Project ToolsVersion="4.0" xmlns="http://schemas.microsoft.com/developer/msbuild/2003">
  <ItemGroup>
    <Filter Include="소스 파일">
      <UniqueIdentifier>{4FC737F1-C7A5-4376-A066-2A32D752A2FF}</UniqueIdentifier>
      <Extensions>cpp;c;cc;cxx;c++;cppm;ixx;def;odl;idl;hpj;bat;asm;asmx</Extensions>
    </Filter>
    <Filter Include="헤더 파일">
      <UniqueIdentifier>{93995380-89BD-4b04-88EB-625FBE52EBFB}</UniqueIdentifier>
      <Extensions>h;hh;hpp;hxx;h++;hm;inl;inc;ipp;xsd</Extensions>
    </Filter>
    <Filter Include="리소스 파일">
      <UniqueIdentifier>{67DA6AB6-F800-4c08-8B7A-83BB121AAD01}</UniqueIdentifier>
      <Extensions>rc;ico;cur;bmp;dlg;rc2;rct;bin;rgs;gif;jpg;jpeg;jpe;resx;tiff;tif;png;wav;mfcribbon-ms</Extensions>
    </Filter>
    <Filter Include="dot">
      <UniqueIdentifier>{aca0164c-90b3-4a25-9d65-3be9257503d5}</UniqueIdentifier>
    </Filter>
    <Filter Include="dot\기본 세팅">
      <UniqueIdentifier>{f5cf5222-2339-46f7-b312-c2dad2f8e480}</UniqueIdentifier>
    </Filter>
    <Filter Include="캐릭터 선택">
      <UniqueIdentifier>{7f8ac15a-9378-4d8e-bf86-75df448805ed}</UniqueIdentifier>
    </Filter>
    <Filter Include="맵">
      <UniqueIdentifier>{1fecbca4-6506-47f9-a610-94605e0f4241}</UniqueIdentifier>
    </Filter>
    <Filter Include="캐릭터">
      <UniqueIdentifier>{17b93370-2c7b-48e2-a4eb-92bdd24c13a9}</UniqueIdentifier>
    </Filter>
    <Filter Include="캐릭터\캐릭터 속성 세팅">
      <UniqueIdentifier>{075d66f7-4a32-4249-8655-9e6d0820e9b4}</UniqueIdentifier>
    </Filter>
    <Filter Include="정보창">
      <UniqueIdentifier>{0b3fcfad-97c9-42b7-bfb7-49137bf78cae}</UniqueIdentifier>
    </Filter>
    <Filter Include="게임 매니저">
      <UniqueIdentifier>{1f22995a-502d-435a-8fe6-73a197231b21}</UniqueIdentifier>
    </Filter>
    <Filter Include="정보창\상점">
      <UniqueIdentifier>{8f67e84a-8cfd-4792-8bed-2cb8f3c79fdd}</UniqueIdentifier>
    </Filter>
    <Filter Include="정보창\아이템">
      <UniqueIdentifier>{31008bf9-0a53-4345-90b2-802987e4417a}</UniqueIdentifier>
    </Filter>
    <Filter Include="정보창\인벤토리">
      <UniqueIdentifier>{9ad1a8df-1827-493d-a91d-bf4b770271a0}</UniqueIdentifier>
    </Filter>
    <Filter Include="플레이어">
      <UniqueIdentifier>{d61a4f27-401d-436e-a2b6-0314bfc5405c}</UniqueIdentifier>
    </Filter>
    <Filter Include="정보창\인벤토리\아이템">
      <UniqueIdentifier>{f61a830b-726a-40c0-82c8-bebb6b5ac46b}</UniqueIdentifier>
    </Filter>
    <Filter Include="맵\여관">
      <UniqueIdentifier>{3a1eb622-d443-4138-9d14-40f010a69156}</UniqueIdentifier>
    </Filter>
    <Filter Include="맵\보스맵">
      <UniqueIdentifier>{98fa59a2-db1e-4718-97d6-7784d43587fb}</UniqueIdentifier>
    </Filter>
    <Filter Include="맵\던전">
      <UniqueIdentifier>{fb3c8ab0-5763-4623-986c-5fe435b31302}</UniqueIdentifier>
    </Filter>
    <Filter Include="맵\마을">
      <UniqueIdentifier>{52c2a961-0027-40d5-910e-610b6eeb67f8}</UniqueIdentifier>
    </Filter>
    <Filter Include="맵\배틀">
      <UniqueIdentifier>{b22f61d1-4537-422a-be7e-3a443b0e40a2}</UniqueIdentifier>
    </Filter>
    <Filter Include="캐릭터\닌자">
      <UniqueIdentifier>{d9d0c8f5-6283-44e6-8d03-8446d168da18}</UniqueIdentifier>
    </Filter>
    <Filter Include="캐릭터\궁수">
      <UniqueIdentifier>{c9294c18-f341-474c-96b7-c344a6f3458e}</UniqueIdentifier>
    </Filter>
  </ItemGroup>
  <ItemGroup>
    <ClInclude Include="ArcherDot.h">
      <Filter>dot</Filter>
    </ClInclude>
    <ClInclude Include="NinjaDot.h">
      <Filter>dot</Filter>
    </ClInclude>
    <ClInclude Include="MapDot.h">
      <Filter>dot</Filter>
    </ClInclude>
    <ClInclude Include="PrintSetting.h">
      <Filter>dot\기본 세팅</Filter>
    </ClInclude>
    <ClInclude Include="PrintSetting.h">
      <Filter>dot\기본 세팅</Filter>
    </ClInclude>
    <ClInclude Include="CharacterChoice.h">
      <Filter>캐릭터 선택</Filter>
    </ClInclude>
    <ClInclude Include="DoubleBuffer.h">
      <Filter>헤더 파일</Filter>
    </ClInclude>
    <ClInclude Include="MapManager.h">
      <Filter>맵</Filter>
    </ClInclude>
    <ClInclude Include="Character.h">
      <Filter>캐릭터\캐릭터 속성 세팅</Filter>
    </ClInclude>
    <ClInclude Include="CharacterInfo.h">
      <Filter>정보창</Filter>
    </ClInclude>
    <ClInclude Include="GameManager.h">
      <Filter>게임 매니저</Filter>
    </ClInclude>
    <ClInclude Include="InformationTool.h">
      <Filter>정보창</Filter>
    </ClInclude>
    <ClInclude Include="Item.h">
      <Filter>정보창\아이템</Filter>
    </ClInclude>
    <ClInclude Include="Store.h">
      <Filter>정보창\상점</Filter>
    </ClInclude>
    <ClInclude Include="StoreMap.h">
      <Filter>정보창\상점</Filter>
    </ClInclude>
    <ClInclude Include="Player.h">
      <Filter>플레이어</Filter>
    </ClInclude>
    <ClInclude Include="ItemInventory.h">
      <Filter>정보창\인벤토리\아이템</Filter>
    </ClInclude>
    <ClInclude Include="BattleMapDot.h">
      <Filter>dot</Filter>
    </ClInclude>
    <ClInclude Include="ItemInventoryWindow.h">
      <Filter>정보창\인벤토리\아이템</Filter>
    </ClInclude>
    <ClInclude Include="ItemSell.h">
      <Filter>정보창\상점</Filter>
    </ClInclude>
    <ClInclude Include="Hotel.h">
      <Filter>맵\여관</Filter>
    </ClInclude>
    <ClInclude Include="DungeonBoss.h">
      <Filter>맵\보스맵</Filter>
    </ClInclude>
    <ClInclude Include="Dungeon1.h">
      <Filter>맵\던전</Filter>
    </ClInclude>
    <ClInclude Include="Village.h">
      <Filter>맵\마을</Filter>
    </ClInclude>
    <ClInclude Include="Battle.h">
      <Filter>맵\배틀</Filter>
    </ClInclude>
    <ClInclude Include="EnemyNinJa.h">
      <Filter>캐릭터\닌자</Filter>
    </ClInclude>
    <ClInclude Include="NinJa.h">
      <Filter>캐릭터\닌자</Filter>
    </ClInclude>
    <ClInclude Include="Archer.h">
      <Filter>캐릭터\궁수</Filter>
    </ClInclude>
    <ClInclude Include="EnemyArcher.h">
      <Filter>캐릭터\궁수</Filter>
    </ClInclude>
    <ClInclude Include="CharacterBackGround.h">
      <Filter>dot</Filter>
    </ClInclude>
  </ItemGroup>
  <ItemGroup>
    <ClCompile Include="main.cpp">
      <Filter>소스 파일</Filter>
    </ClCompile>
    <ClCompile Include="NinjaDot.cpp">
      <Filter>dot</Filter>
    </ClCompile>
    <ClCompile Include="ArcherDot.cpp">
      <Filter>dot</Filter>
    </ClCompile>
    <ClCompile Include="MapDot.cpp">
      <Filter>dot</Filter>
    </ClCompile>
    <ClCompile Include="PrintSetting.cpp">
      <Filter>dot\기본 세팅</Filter>
    </ClCompile>
    <ClCompile Include="CharacterChoice.cpp">
      <Filter>캐릭터 선택</Filter>
    </ClCompile>
    <ClCompile Include="DoubleBuffer.cpp">
      <Filter>소스 파일</Filter>
    </ClCompile>
    <ClCompile Include="MapManager.cpp">
      <Filter>맵</Filter>
    </ClCompile>
    <ClCompile Include="Character.cpp">
      <Filter>캐릭터\캐릭터 속성 세팅</Filter>
    </ClCompile>
    <ClCompile Include="GameManager.cpp">
      <Filter>게임 매니저</Filter>
    </ClCompile>
    <ClCompile Include="InformationTool.cpp">
      <Filter>정보창</Filter>
    </ClCompile>
    <ClCompile Include="Item.cpp">
      <Filter>정보창\아이템</Filter>
    </ClCompile>
    <ClCompile Include="Store.cpp">
      <Filter>정보창\상점</Filter>
    </ClCompile>
    <ClCompile Include="StoreMap.cpp">
      <Filter>정보창\상점</Filter>
    </ClCompile>
    <ClCompile Include="Player.cpp">
      <Filter>플레이어</Filter>
    </ClCompile>
    <ClCompile Include="ItemInventory.cpp">
      <Filter>정보창\인벤토리\아이템</Filter>
    </ClCompile>
    <ClCompile Include="BattleMapDot.cpp">
      <Filter>dot</Filter>
    </ClCompile>
    <ClCompile Include="ItemInventoryWindow.cpp">
      <Filter>정보창\인벤토리\아이템</Filter>
    </ClCompile>
    <ClCompile Include="CharacterInfo.cpp">
      <Filter>정보창</Filter>
    </ClCompile>
    <ClCompile Include="ItemSell.cpp">
      <Filter>정보창\상점</Filter>
    </ClCompile>
    <ClCompile Include="Hotel.cpp">
      <Filter>맵\여관</Filter>
    </ClCompile>
    <ClCompile Include="DungeonBoss.cpp">
      <Filter>맵\보스맵</Filter>
    </ClCompile>
    <ClCompile Include="Dungeon1.cpp">
      <Filter>맵\던전</Filter>
    </ClCompile>
    <ClCompile Include="Village.cpp">
      <Filter>맵\마을</Filter>
    </ClCompile>
    <ClCompile Include="Battle.cpp">
      <Filter>맵\배틀</Filter>
    </ClCompile>
    <ClCompile Include="EnemyNinJa.cpp">
      <Filter>캐릭터\닌자</Filter>
    </ClCompile>
    <ClCompile Include="NinJa.cpp">
      <Filter>캐릭터\닌자</Filter>
    </ClCompile>
    <ClCompile Include="Archer.cpp">
      <Filter>캐릭터\궁수</Filter>
    </ClCompile>
    <ClCompile Include="EnemyArcher.cpp">
      <Filter>캐릭터\궁수</Filter>
    </ClCompile>
    <ClCompile Include="CharacterBackGround.cpp">
      <Filter>dot</Filter>
    </ClCompile>
  </ItemGroup>
</Project>